github.com/mattn/go-colorable v0.1.1/go.mod h1:FuOcm+DKB9mbwrcAfNl7/TZVBZ6rcnceauSikq3lYCQ=
github.com/mattn/go-colorable v0.1.12 h1:jF+Du6AlPIjs2BiUiQlKOX0rt3SujHxPnksPKZbaA40=
github.com/mattn/go-colorable v0.1.12/go.mod h1:u5H1YNBxpqRaxsYJYSkiCWKzEfiAb1Gb520KVy5xxl4=
github.com/mattn/go-isatty v0.0.5/go.mod h1:Iq45c/XA43vh69/j3iqttzPXn0bhXyGjM0Hdxcsrc5s=
github.com/mattn/go-isatty v0.0.14 h1:yVuAays6BHfxijgZPzw+3Zlu5yQgKGP2/hcQbHb7S9Y=
github.com/mattn/go-isatty v0.0.14/go.mod h1:7GGIvUiUoEMVVmxf/4nioHXj79iQHKdU27kJ6hsGG94=
github.com/mgutz/ansi v0.0.0-20170206155736-9520e82c474b/go.mod h1:01TrycV0kFyexm33Z7vhZRXopbI8J3TDReVlkTgMUxE=
github.com/mgutz/ansi v0.0.0-20200706080929-d51e80ef957d h1:5PJl274Y63IEHC+7izoQE9x6ikvDFZS2mDVS3drnohI=
github.com/mgutz/ansi v0.0.0-20200706080929-d51e80ef957d/go.mod h1:01TrycV0kFyexm33Z7vhZRXopbI8J3TDReVlkTgMUxE=
github.com/pschlump/MiscLib v1.0.0 h1:YVcB78dGbmysnhAI18M+i5ioBVYcCrYNsHq3FYwdJps=
github.com/pschlump/MiscLib v1.0.0/go.mod h1:33BegrXglROGxpDvBSciKSCc1oEKj6oRgJWD5ZEX+ZI=
github.com/pschlump/ansi v1.0.1 h1:NR7hBOgTV/shQwzwLmk4X/bVoUzvyIrwlB5k8wWnl7A=
github.com/pschlump/ansi v1.0.1/go.mod h1:dwr2CQhjyMjSNA9wpCOux2+MhQiqoelfvBKkTYNBNuA=
github.com/pschlump/check-json-syntax v1.0.3 h1:b8iGqc+gzHVEvhL11PL+yEsq4o34s/UDpfb4w1BycOM=
github.com/pschlump/check-json-syntax v1.0.3/go.mod h1:/RZlwWHFMQmNWfBQtGDb7aP1UZ+I4gsql1kxy8vXPK0=
github.com/pschlump/dbgo v1.0.3 h1:YW+124ccToMXECiZ6RpBUC4yj3Kr6qL30Z0gEiHDykI=
github.com/pschlump/dbgo v1.0.3/go.mod h1:331fyL7CL32ataZ1K/tQk5t1anNj58QXt5kTe0PwmkI=
github.com/pschlump/filelib v1.0.6 h1:KJdAoE+5ovlpHrfs4CTGJDXmHCEyGK+sx3CKmBajgDw=
github.com/pschlump/filelib v1.0.6/go.mod h1:CxEa7t6Y1lukm2ar5iMbm1imu8fN4V52tgrWtXUqd1g=
github.com/pschlump/godebug v0.9.1 h1:e8sN0QWyX0uFg2KnhghSUiefpEnyHbRhSJHUab6z+iM=
github.com/pschlump/godebug v0.9.1/go.mod h1:LcS3H2JkmKvbm+SHqvxV4YgOhxuysSpsKhoEOM96Izs=
github.com/pschlump/json v1.12.0 h1:PjkeVEgEUg+vkHC8CfeXIG4fChev3a7gjl9wYrTnPIE=
github.com/pschlump/json v1.12.0/go.mod h1:MyeKNxcsYS/AaCqIp6DgPdaE/4NVH49OJVCnQsRoevI=
github.com/pschlump/jsondiff v0.0.0-20160907153950-c3351a6b8ead/go.mod h1:8xqW0j5v4F5dHEL2k6eTLSjtrEl+FwLcwlaP8SqsZ8g=
golang.org/x/sys v0.0.0-20190222072716-a9d3bda3a223/go.mod h1:STP8DvDyc/dI5b8T5hshtkjS+E42TnysNCUPdjciGhY=
golang.org/x/sys v0.0.0-20210630005230-0f9fa26af87c/go.mod h1:oPkhp1MJrh7nUepCBck5+mAzfO9JrbApNNgaTdGDITg=
golang.org/x/sys v0.0.0-20210927094055-39ccf1dd6fa6 h1:foEbQz/B0Oz6YIqu/69kfXPYeFQAuuMYFkjaqXzl5Wo=
golang.org/x/sys v0.0.0-20210927094055-39ccf1dd6fa6/go.mod h1:oPkhp1MJrh7nUepCBck5+mAzfO9JrbApNNgaTdGDITg=
