github.com/mattn/go-colorable v0.1.1 h1:G1f5SKeVxmagw/IyvzvtZE4Gybcc4Tr1tf7I8z0XgOg=
github.com/mattn/go-colorable v0.1.1/go.mod h1:FuOcm+DKB9mbwrcAfNl7/TZVBZ6rcnceauSikq3lYCQ=
github.com/mattn/go-isatty v0.0.5 h1:tHXDdz1cpzGaovsTB+TVB8q90WEokoVmfMqoVcrLUgw=
github.com/mattn/go-isatty v0.0.5/go.mod h1:Iq45c/XA43vh69/j3iqttzPXn0bhXyGjM0Hdxcsrc5s=
github.com/mgutz/ansi v0.0.0-20170206155736-9520e82c474b h1:j7+1HpAFS1zy5+Q4qx1fWh90gTKwiN4QCGoY9TWyyO4=
github.com/mgutz/ansi v0.0.0-20170206155736-9520e82c474b/go.mod h1:01TrycV0kFyexm33Z7vhZRXopbI8J3TDReVlkTgMUxE=
github.com/pschlump/MiscLib v1.0.0 h1:YVcB78dGbmysnhAI18M+i5ioBVYcCrYNsHq3FYwdJps=
github.com/pschlump/MiscLib v1.0.0/go.mod h1:33BegrXglROGxpDvBSciKSCc1oEKj6oRgJWD5ZEX+ZI=
github.com/pschlump/check-json-syntax v1.0.3 h1:b8iGqc+gzHVEvhL11PL+yEsq4o34s/UDpfb4w1BycOM=
github.com/pschlump/check-json-syntax v1.0.3/go.mod h1:/RZlwWHFMQmNWfBQtGDb7aP1UZ+I4gsql1kxy8vXPK0=
github.com/pschlump/godebug v0.9.1 h1:e8sN0QWyX0uFg2KnhghSUiefpEnyHbRhSJHUab6z+iM=
github.com/pschlump/godebug v0.9.1/go.mod h1:LcS3H2JkmKvbm+SHqvxV4YgOhxuysSpsKhoEOM96Izs=
github.com/pschlump/json v1.12.0 h1:PjkeVEgEUg+vkHC8CfeXIG4fChev3a7gjl9wYrTnPIE=
github.com/pschlump/json v1.12.0/go.mod h1:MyeKNxcsYS/AaCqIp6DgPdaE/4NVH49OJVCnQsRoevI=
github.com/pschlump/jsondiff v0.0.0-20160907153950-c3351a6b8ead/go.mod h1:8xqW0j5v4F5dHEL2k6eTLSjtrEl+FwLcwlaP8SqsZ8g=
github.com/pschlump/uuid v1.0.3 h1:aRd+yQH+Ghu4BQo5m0PoRemKXVp3AOwrGkIf7bShdIs=
github.com/pschlump/uuid v1.0.3/go.mod h1:syDrH6XkXqe0CV5qaDp79i50wCes286TMGh6nvHzVyU=
golang.org/x/sys v0.0.0-20190222072716-a9d3bda3a223 h1:DH4skfRX4EBpamg7iV4ZlCpblAHI6s6TDM39bFZumv8=
golang.org/x/sys v0.0.0-20190222072716-a9d3bda3a223/go.mod h1:STP8DvDyc/dI5b8T5hshtkjS+E42TnysNCUPdjciGhY=
